<?xml version="1.0" encoding="UTF-8" standalone="yes" ?>
<CodeBlocks_project_file>
	<FileVersion major="1" minor="6" />
	<Project>
		<Option title="LWIP_CodeBlock" />
		<Option pch_mode="2" />
		<Option compiler="gcc" />
		<Build>
			<Target title="Debug">
				<Option output="bin/Debug/LWIP_CodeBlock" prefix_auto="1" extension_auto="1" />
				<Option object_output="obj/Debug/" />
				<Option type="1" />
				<Option compiler="gcc" />
				<Compiler>
					<Add option="-g" />
				</Compiler>
			</Target>
			<Target title="Release">
				<Option output="bin/Release/LWIP_CodeBlock" prefix_auto="1" extension_auto="1" />
				<Option object_output="obj/Release/" />
				<Option type="1" />
				<Option compiler="gcc" />
				<Compiler>
					<Add option="-O2" />
				</Compiler>
				<Linker>
					<Add option="-s" />
				</Linker>
			</Target>
		</Build>
		<Compiler>
			<Add option="-Wall" />
			<Add option="-DWIN32" />
			<Add option="-D_WINSOCK_DEPRECATED_NO_WARNINGS" />
			<Add directory="lwip/src/include" />
			<Add directory="lwip/include" />
			<Add directory="lwip/include/arch" />
			<Add directory="lwip/npcap-sdk-1.16/Include" />
			<Add directory="lwip/contrib/ports/win32" />
		</Compiler>
		<Linker>
			<Add library="lwip/npcap-sdk-1.16/Lib/x64/Packet.lib" />
			<Add library="lwip/npcap-sdk-1.16/Lib/x64/wpcap.lib" />
		</Linker>
		<Unit filename="lwip/contrib/ports/win32/pcapif.c">
			<Option compilerVar="CC" />
		</Unit>
		<Unit filename="lwip/contrib/ports/win32/pcapif.h" />
		<Unit filename="lwip/contrib/ports/win32/pcapif_helper.c">
			<Option compilerVar="CC" />
		</Unit>
		<Unit filename="lwip/contrib/ports/win32/pcapif_helper.h" />
		<Unit filename="lwip/contrib/ports/win32/sio.c">
			<Option compilerVar="CC" />
			<Option compile="0" />
			<Option link="0" />
		</Unit>
		<Unit filename="lwip/contrib/ports/win32/sys_arch.c">
			<Option compilerVar="CC" />
		</Unit>
		<Unit filename="lwip/include/arch/cc.h" />
		<Unit filename="lwip/include/lwipopts.h" />
		<Unit filename="lwip/npcap-sdk-1.16/Include/pcap.h" />
		<Unit filename="lwip/src/core/altcp.c">
			<Option compilerVar="CC" />
		</Unit>
		<Unit filename="lwip/src/core/altcp_alloc.c">
			<Option compilerVar="CC" />
		</Unit>
		<Unit filename="lwip/src/core/altcp_tcp.c">
			<Option compilerVar="CC" />
		</Unit>
		<Unit filename="lwip/src/core/def.c">
			<Option compilerVar="CC" />
		</Unit>
		<Unit filename="lwip/src/core/dns.c">
			<Option compilerVar="CC" />
		</Unit>
		<Unit filename="lwip/src/core/inet_chksum.c">
			<Option compilerVar="CC" />
		</Unit>
		<Unit filename="lwip/src/core/init.c">
			<Option compilerVar="CC" />
		</Unit>
		<Unit filename="lwip/src/core/ip.c">
			<Option compilerVar="CC" />
		</Unit>
		<Unit filename="lwip/src/core/ipv4/acd.c">
			<Option compilerVar="CC" />
		</Unit>
		<Unit filename="lwip/src/core/ipv4/autoip.c">
			<Option compilerVar="CC" />
		</Unit>
		<Unit filename="lwip/src/core/ipv4/dhcp.c">
			<Option compilerVar="CC" />
		</Unit>
		<Unit filename="lwip/src/core/ipv4/etharp.c">
			<Option compilerVar="CC" />
		</Unit>
		<Unit filename="lwip/src/core/ipv4/icmp.c">
			<Option compilerVar="CC" />
		</Unit>
		<Unit filename="lwip/src/core/ipv4/igmp.c">
			<Option compilerVar="CC" />
		</Unit>
		<Unit filename="lwip/src/core/ipv4/ip4.c">
			<Option compilerVar="CC" />
		</Unit>
		<Unit filename="lwip/src/core/ipv4/ip4_addr.c">
			<Option compilerVar="CC" />
		</Unit>
		<Unit filename="lwip/src/core/ipv4/ip4_frag.c">
			<Option compilerVar="CC" />
		</Unit>
		<Unit filename="lwip/src/core/ipv6/dhcp6.c">
			<Option compilerVar="CC" />
		</Unit>
		<Unit filename="lwip/src/core/ipv6/ethip6.c">
			<Option compilerVar="CC" />
		</Unit>
		<Unit filename="lwip/src/core/ipv6/icmp6.c">
			<Option compilerVar="CC" />
		</Unit>
		<Unit filename="lwip/src/core/ipv6/inet6.c">
			<Option compilerVar="CC" />
		</Unit>
		<Unit filename="lwip/src/core/ipv6/ip6.c">
			<Option compilerVar="CC" />
		</Unit>
		<Unit filename="lwip/src/core/ipv6/ip6_addr.c">
			<Option compilerVar="CC" />
		</Unit>
		<Unit filename="lwip/src/core/ipv6/ip6_frag.c">
			<Option compilerVar="CC" />
		</Unit>
		<Unit filename="lwip/src/core/ipv6/mld6.c">
			<Option compilerVar="CC" />
		</Unit>
		<Unit filename="lwip/src/core/ipv6/nd6.c">
			<Option compilerVar="CC" />
		</Unit>
		<Unit filename="lwip/src/core/mem.c">
			<Option compilerVar="CC" />
		</Unit>
		<Unit filename="lwip/src/core/memp.c">
			<Option compilerVar="CC" />
		</Unit>
		<Unit filename="lwip/src/core/netif.c">
			<Option compilerVar="CC" />
		</Unit>
		<Unit filename="lwip/src/core/pbuf.c">
			<Option compilerVar="CC" />
		</Unit>
		<Unit filename="lwip/src/core/raw.c">
			<Option compilerVar="CC" />
		</Unit>
		<Unit filename="lwip/src/core/stats.c">
			<Option compilerVar="CC" />
		</Unit>
		<Unit filename="lwip/src/core/sys.c">
			<Option compilerVar="CC" />
		</Unit>
		<Unit filename="lwip/src/core/tcp.c">
			<Option compilerVar="CC" />
		</Unit>
		<Unit filename="lwip/src/core/tcp_in.c">
			<Option compilerVar="CC" />
		</Unit>
		<Unit filename="lwip/src/core/tcp_out.c">
			<Option compilerVar="CC" />
		</Unit>
		<Unit filename="lwip/src/core/timeouts.c">
			<Option compilerVar="CC" />
		</Unit>
		<Unit filename="lwip/src/core/udp.c">
			<Option compilerVar="CC" />
		</Unit>
		<Unit filename="lwip/src/include/netif/bridgeif.h" />
		<Unit filename="lwip/src/include/netif/bridgeif_opts.h" />
		<Unit filename="lwip/src/include/netif/etharp.h" />
		<Unit filename="lwip/src/include/netif/ethernet.h" />
		<Unit filename="lwip/src/include/netif/ieee802154.h" />
		<Unit filename="lwip/src/include/netif/lowpan6.h" />
		<Unit filename="lwip/src/include/netif/lowpan6_ble.h" />
		<Unit filename="lwip/src/include/netif/lowpan6_common.h" />
		<Unit filename="lwip/src/include/netif/lowpan6_opts.h" />
		<Unit filename="lwip/src/include/netif/slipif.h" />
		<Unit filename="lwip/src/include/netif/zepif.h" />
		<Unit filename="lwip/src/netif/bridgeif.c">
			<Option compilerVar="CC" />
		</Unit>
		<Unit filename="lwip/src/netif/bridgeif_fdb.c">
			<Option compilerVar="CC" />
		</Unit>
		<Unit filename="lwip/src/netif/ethernet.c">
			<Option compilerVar="CC" />
		</Unit>
		<Unit filename="lwip/src/netif/lowpan6.c">
			<Option compilerVar="CC" />
		</Unit>
		<Unit filename="lwip/src/netif/lowpan6_ble.c">
			<Option compilerVar="CC" />
		</Unit>
		<Unit filename="lwip/src/netif/lowpan6_common.c">
			<Option compilerVar="CC" />
		</Unit>
		<Unit filename="lwip/src/netif/slipif.c">
			<Option compilerVar="CC" />
			<Option compile="0" />
			<Option link="0" />
		</Unit>
		<Unit filename="lwip/src/netif/zepif.c">
			<Option compilerVar="CC" />
		</Unit>
		<Unit filename="main.c">
			<Option compilerVar="CC" />
		</Unit>
		<Extensions>
			<lib_finder disable_auto="1" />
		</Extensions>
	</Project>
</CodeBlocks_project_file>
